
Microsoft Visual Studio Solution File, Format Version 12.00
# Visual Studio 14
VisualStudioVersion = 14.0.25420.1
MinimumVisualStudioVersion = 10.0.40219.1
Project("{FAE04EC0-301F-11D3-BF4B-00C04F79EFBC}") = "My.Extensions.Samples", "My.Extensions.Samples\My.Extensions.Samples.csproj", "{47F26363-E21F-4320-BA57-7D044EDF001E}"
EndProject
Global
	GlobalSection(SolutionConfigurationPlatforms) = preSolution
		Debug|Any CPU = Debug|Any CPU
		Release|Any CPU = Release|Any CPU
	EndGlobalSection
	GlobalSection(ProjectConfigurationPlatforms) = postSolution
		{47F26363-E21F-4320-BA57-7D044EDF001E}.Debug|Any CPU.ActiveCfg = Debug|Any CPU
		{47F26363-E21F-4320-BA57-7D044EDF001E}.Debug|Any CPU.Build.0 = Debug|Any CPU
		{47F26363-E21F-4320-BA57-7D044EDF001E}.Release|Any CPU.ActiveCfg = Release|Any CPU
		{47F26363-E21F-4320-BA57-7D044EDF001E}.Release|Any CPU.Build.0 = Release|Any CPU
	EndGlobalSection
	GlobalSection(SolutionProperties) = preSolution
		HideSolutionNode = FALSE
	EndGlobalSection
EndGlobal
